// !$*UTF8*$!
{
	archiveVersion = 1;
	classes = {
	};
	objectVersion = 51;
	objects = {

/* Begin PBXBuildFile section */
		887596C024E8435800630DC7 /* AppDelegate.swift in Sources */ = {isa = PBXBuildFile; fileRef = 887596BF24E8435800630DC7 /* AppDelegate.swift */; };
		887596C224E8435800630DC7 /* SceneDelegate.swift in Sources */ = {isa = PBXBuildFile; fileRef = 887596C124E8435800630DC7 /* SceneDelegate.swift */; };
		887596C424E8435900630DC7 /* ViewController.swift in Sources */ = {isa = PBXBuildFile; fileRef = 887596C324E8435900630DC7 /* ViewController.swift */; };
		887596C724E8435900630DC7 /* Main.storyboard in Resources */ = {isa = PBXBuildFile; fileRef = 887596C524E8435900630DC7 /* Main.storyboard */; };
		887596C924E8435F00630DC7 /* Assets.xcassets in Resources */ = {isa = PBXBuildFile; fileRef = 887596C824E8435F00630DC7 /* Assets.xcassets */; };
		887596CC24E8435F00630DC7 /* LaunchScreen.storyboard in Resources */ = {isa = PBXBuildFile; fileRef = 887596CA24E8435F00630DC7 /* LaunchScreen.storyboard */; };
		887596D424E84E8800630DC7 /* CharacterTableViewCell.swift in Sources */ = {isa = PBXBuildFile; fileRef = 887596D324E84E8800630DC7 /* CharacterTableViewCell.swift */; };
		DFC1F9642F91DCA48676C65C /* Pods_StarWars.framework in Frameworks */ = {isa = PBXBuildFile; fileRef = 45E6F483F74DC66FF4529B34 /* Pods_StarWars.framework */; };
/* End PBXBuildFile section */

/* Begin PBXFileReference section */
		45E6F483F74DC66FF4529B34 /* Pods_StarWars.framework */ = {isa = PBXFileReference; explicitFileType = wrapper.framework; includeInIndex = 0; path = Pods_StarWars.framework; sourceTree = BUILT_PRODUCTS_DIR; };
		887596BC24E8435800630DC7 /* StarWars.app */ = {isa = PBXFileReference; explicitFileType = wrapper.application; includeInIndex = 0; path = StarWars.app; sourceTree = BUILT_PRODUCTS_DIR; };
		887596BF24E8435800630DC7 /* AppDelegate.swift */ = {isa = PBXFileReference; lastKnownFileType = sourcecode.swift; path = AppDelegate.swift; sourceTree = "<group>"; };
		887596C124E8435800630DC7 /* SceneDelegate.swift */ = {isa = PBXFileReference; lastKnownFileType = sourcecode.swift; path = SceneDelegate.swift; sourceTree = "<group>"; };
		887596C324E8435900630DC7 /* ViewController.swift */ = {isa = PBXFileReference; lastKnownFileType = sourcecode.swift; path = ViewController.swift; sourceTree = "<group>"; };
		887596C624E8435900630DC7 /* Base */ = {isa = PBXFileReference; lastKnownFileType = file.storyboard; name = Base; path = Base.lproj/Main.storyboard; sourceTree = "<group>"; };
		887596C824E8435F00630DC7 /* Assets.xcassets */ = {isa = PBXFileReference; lastKnownFileType = folder.assetcatalog; path = Assets.xcassets; sourceTree = "<group>"; };
		887596CB24E8435F00630DC7 /* Base */ = {isa = PBXFileReference; lastKnownFileType = file.storyboard; name = Base; path = Base.lproj/LaunchScreen.storyboard; sourceTree = "<group>"; };
		887596CD24E8435F00630DC7 /* Info.plist */ = {isa = PBXFileReference; lastKnownFileType = text.plist.xml; path = Info.plist; sourceTree = "<group>"; };
		887596D324E84E8800630DC7 /* CharacterTableViewCell.swift */ = {isa = PBXFileReference; lastKnownFileType = sourcecode.swift; path = CharacterTableViewCell.swift; sourceTree = "<group>"; };
		AA836C91F6B600D44C4CFCB7 /* Pods-StarWars.release.xcconfig */ = {isa = PBXFileReference; includeInIndex = 1; lastKnownFileType = text.xcconfig; name = "Pods-StarWars.release.xcconfig"; path = "Target Support Files/Pods-StarWars/Pods-StarWars.release.xcconfig"; sourceTree = "<group>"; };
		B461F4992DB785961E1A43B4 /* Pods-StarWars.debug.xcconfig */ = {isa = PBXFileReference; includeInIndex = 1; lastKnownFileType = text.xcconfig; name = "Pods-StarWars.debug.xcconfig"; path = "Target Support Files/Pods-StarWars/Pods-StarWars.debug.xcconfig"; sourceTree = "<group>"; };
/* End PBXFileReference section */

/* Begin PBXFrameworksBuildPhase section */
		887596B924E8435800630DC7 /* Frameworks */ = {
			isa = PBXFrameworksBuildPhase;
			buildActionMask = 2147483647;
			files = (
				DFC1F9642F91DCA48676C65C /* Pods_StarWars.framework in Frameworks */,
			);
			runOnlyForDeploymentPostprocessing = 0;
		};
/* End PBXFrameworksBuildPhase section */

/* Begin PBXGroup section */
		54BE7CF0E168CFBF0957B661 /* Frameworks */ = {
			isa = PBXGroup;
			children = (
				45E6F483F74DC66FF4529B34 /* Pods_StarWars.framework */,
			);
			name = Frameworks;
			sourceTree = "<group>";
		};
		5F7BDAB6473E3B90431BA48C /* Pods */ = {
			isa = PBXGroup;
			children = (
				B461F4992DB785961E1A43B4 /* Pods-StarWars.debug.xcconfig */,
				AA836C91F6B600D44C4CFCB7 /* Pods-StarWars.release.xcconfig */,
			);
			path = Pods;
			sourceTree = "<group>";
		};
		887596B324E8435800630DC7 = {
			isa = PBXGroup;
			children = (
				887596BE24E8435800630DC7 /* StarWars */,
				887596BD24E8435800630DC7 /* Products */,
				5F7BDAB6473E3B90431BA48C /* Pods */,
				54BE7CF0E168CFBF0957B661 /* Frameworks */,
			);
			sourceTree = "<group>";
		};
		887596BD24E8435800630DC7 /* Products */ = {
			isa = PBXGroup;
			children = (
				887596BC24E8435800630DC7 /* StarWars.app */,
			);
			name = Products;
			sourceTree = "<group>";
		};
		887596BE24E8435800630DC7 /* StarWars */ = {
			isa = PBXGroup;
			children = (
				887596BF24E8435800630DC7 /* AppDelegate.swift */,
				887596C124E8435800630DC7 /* SceneDelegate.swift */,
				887596C324E8435900630DC7 /* ViewController.swift */,
				887596D324E84E8800630DC7 /* CharacterTableViewCell.swift */,
				887596C524E8435900630DC7 /* Main.storyboard */,
				887596C824E8435F00630DC7 /* Assets.xcassets */,
				887596CA24E8435F00630DC7 /* LaunchScreen.storyboard */,
				887596CD24E8435F00630DC7 /* Info.plist */,
			);
			path = StarWars;
			sourceTree = "<group>";
		};
/* End PBXGroup section */

/* Begin PBXNativeTarget section */
		887596BB24E8435800630DC7 /* StarWars */ = {
			isa = PBXNativeTarget;
			buildConfigurationList = 887596D024E8435F00630DC7 /* Build configuration list for PBXNativeTarget "StarWars" */;
			buildPhases = (
				99CFE93369F27C3A7D9A67C1 /* [CP] Check Pods Manifest.lock */,
				887596B824E8435800630DC7 /* Sources */,
				887596B924E8435800630DC7 /* Frameworks */,
				887596BA24E8435800630DC7 /* Resources */,
				EC79090464E0386B345EEB06 /* [CP] Embed Pods Frameworks */,
			);
			buildRules = (
			);
			dependencies = (
			);
			name = StarWars;
			productName = StarWars;
			productReference = 887596BC24E8435800630DC7 /* StarWars.app */;
			productType = "com.apple.product-type.application";
		};
/* End PBXNativeTarget section */

/* Begin PBXProject section */
		887596B424E8435800630DC7 /* Project object */ = {
			isa = PBXProject;
			attributes = {
				LastSwiftUpdateCheck = 1140;
				LastUpgradeCheck = 1140;
				ORGANIZATIONNAME = "Maksim Torburg";
				TargetAttributes = {
					887596BB24E8435800630DC7 = {
						CreatedOnToolsVersion = 11.4.1;
					};
				};
			};
			buildConfigurationList = 887596B724E8435800630DC7 /* Build configuration list for PBXProject "StarWars" */;
			compatibilityVersion = "Xcode 9.3";
			developmentRegion = en;
			hasScannedForEncodings = 0;
			knownRegions = (
				en,
				Base,
			);
			mainGroup = 887596B324E8435800630DC7;
			productRefGroup = 887596BD24E8435800630DC7 /* Products */;
			projectDirPath = "";
			projectRoot = "";
			targets = (
				887596BB24E8435800630DC7 /* StarWars */,
			);
		};
/* End PBXProject section */

/* Begin PBXResourcesBuildPhase section */
		887596BA24E8435800630DC7 /* Resources */ = {
			isa = PBXResourcesBuildPhase;
			buildActionMask = 2147483647;
			files = (
				887596CC24E8435F00630DC7 /* LaunchScreen.storyboard in Resources */,
				887596C924E8435F00630DC7 /* Assets.xcassets in Resources */,
				887596C724E8435900630DC7 /* Main.storyboard in Resources */,
			);
			runOnlyForDeploymentPostprocessing = 0;
		};
/* End PBXResourcesBuildPhase section */

/* Begin PBXShellScriptBuildPhase section */
		99CFE93369F27C3A7D9A67C1 /* [CP] Check Pods Manifest.lock */ = {
			isa = PBXShellScriptBuildPhase;
			buildActionMask = 2147483647;
			files = (
			);
			inputFileListPaths = (
			);
			inputPaths = (
				"${PODS_PODFILE_DIR_PATH}/Podfile.lock",
				"${PODS_ROOT}/Manifest.lock",
			);
			name = "[CP] Check Pods Manifest.lock";
			outputFileListPaths = (
			);
			outputPaths = (
				"$(DERIVED_FILE_DIR)/Pods-StarWars-checkManifestLockResult.txt",
			);
			runOnlyForDeploymentPostprocessing = 0;
			shellPath = /bin/sh;
			shellScript = "diff \"${PODS_PODFILE_DIR_PATH}/Podfile.lock\" \"${PODS_ROOT}/Manifest.lock\" > /dev/null\nif [ $? != 0 ] ; then\n    # print error to STDERR\n    echo \"error: The sandbox is not in sync with the Podfile.lock. Run 'pod install' or update your CocoaPods installation.\" >&2\n    exit 1\nfi\n# This output is used by Xcode 'outputs' to avoid re-running this script phase.\necho \"SUCCESS\" > \"${SCRIPT_OUTPUT_FILE_0}\"\n";
			showEnvVarsInLog = 0;
		};
		EC79090464E0386B345EEB06 /* [CP] Embed Pods Frameworks */ = {
			isa = PBXShellScriptBuildPhase;
			buildActionMask = 2147483647;
			files = (
			);
			inputFileListPaths = (
				"${PODS_ROOT}/Target Support Files/Pods-StarWars/Pods-StarWars-frameworks-${CONFIGURATION}-input-files.xcfilelist",
			);
			name = "[CP] Embed Pods Frameworks";
			outputFileListPaths = (
				"${PODS_ROOT}/Target Support Files/Pods-StarWars/Pods-StarWars-frameworks-${CONFIGURATION}-output-files.xcfilelist",
			);
			runOnlyForDeploymentPostprocessing = 0;
			shellPath = /bin/sh;
			shellScript = "\"${PODS_ROOT}/Target Support Files/Pods-StarWars/Pods-StarWars-frameworks.sh\"\n";
			showEnvVarsInLog = 0;
		};
/* End PBXShellScriptBuildPhase section */

/* Begin PBXSourcesBuildPhase section */
		887596B824E8435800630DC7 /* Sources */ = {
			isa = PBXSourcesBuildPhase;
			buildActionMask = 2147483647;
			files = (
				887596C424E8435900630DC7 /* ViewController.swift in Sources */,
				887596C024E8435800630DC7 /* AppDelegate.swift in Sources */,
				887596C224E8435800630DC7 /* SceneDelegate.swift in Sources */,
				887596D424E84E8800630DC7 /* CharacterTableViewCell.swift in Sources */,
			);
			runOnlyForDeploymentPostprocessing = 0;
		};
/* End PBXSourcesBuildPhase section */

/* Begin PBXVariantGroup section */
		887596C524E8435900630DC7 /* Main.storyboard */ = {
			isa = PBXVariantGroup;
			children = (
				887596C624E8435900630DC7 /* Base */,
			);
			name = Main.storyboard;
			sourceTree = "<group>";
		};
		887596CA24E8435F00630DC7 /* LaunchScreen.storyboard */ = {
			isa = PBXVariantGroup;
			children = (
				887596CB24E8435F00630DC7 /* Base */,
			);
			name = LaunchScreen.storyboard;
			sourceTree = "<group>";
		};
/* End PBXVariantGroup section */

/* Begin XCBuildConfiguration section */
		887596CE24E8435F00630DC7 /* Debug */ = {
			isa = XCBuildConfiguration;
			buildSettings = {
				ALWAYS_SEARCH_USER_PATHS = NO;
				CLANG_ANALYZER_NONNULL = YES;
				CLANG_ANALYZER_NUMBER_OBJECT_CONVERSION = YES_AGGRESSIVE;
				CLANG_CXX_LANGUAGE_STANDARD = "gnu++14";
				CLANG_CXX_LIBRARY = "libc++";
				CLANG_ENABLE_MODULES = YES;
				CLANG_ENABLE_OBJC_ARC = YES;
				CLANG_ENABLE_OBJC_WEAK = YES;
				CLANG_WARN_BLOCK_CAPTURE_AUTORELEASING = YES;
				CLANG_WARN_BOOL_CONVERSION = YES;
				CLANG_WARN_COMMA = YES;
				CLANG_WARN_CONSTANT_CONVERSION = YES;
				CLANG_WARN_DEPRECATED_OBJC_IMPLEMENTATIONS = YES;
				CLANG_WARN_DIRECT_OBJC_ISA_USAGE = YES_ERROR;
				CLANG_WARN_DOCUMENTATION_COMMENTS = YES;
				CLANG_WARN_EMPTY_BODY = YES;
				CLANG_WARN_ENUM_CONVERSION = YES;
				CLANG_WARN_INFINITE_RECURSION = YES;
				CLANG_WARN_INT_CONVERSION = YES;
				CLANG_WARN_NON_LITERAL_NULL_CONVERSION = YES;
				CLANG_WARN_OBJC_IMPLICIT_RETAIN_SELF = YES;
				CLANG_WARN_OBJC_LITERAL_CONVERSION = YES;
				CLANG_WARN_OBJC_ROOT_CLASS = YES_ERROR;
				CLANG_WARN_RANGE_LOOP_ANALYSIS = YES;
				CLANG_WARN_STRICT_PROTOTYPES = YES;
				CLANG_WARN_SUSPICIOUS_MOVE = YES;
				CLANG_WARN_UNGUARDED_AVAILABILITY = YES_AGGRESSIVE;
				CLANG_WARN_UNREACHABLE_CODE = YES;
				CLANG_WARN__DUPLICATE_METHOD_MATCH = YES;
				COPY_PHASE_STRIP = NO;
				DEBUG_INFORMATION_FORMAT = dwarf;
				ENABLE_STRICT_OBJC_MSGSEND = YES;
				ENABLE_TESTABILITY = YES;
				GCC_C_LANGUAGE_STANDARD = gnu11;
				GCC_DYNAMIC_NO_PIC = NO;
				GCC_NO_COMMON_BLOCKS = YES;
				GCC_OPTIMIZATION_LEVEL = 0;
				GCC_PREPROCESSOR_DEFINITIONS = (
					"DEBUG=1",
					"$(inherited)",
				);
				GCC_WARN_64_TO_32_BIT_CONVERSION = YES;
				GCC_WARN_ABOUT_RETURN_TYPE = YES_ERROR;
				GCC_WARN_UNDECLARED_SELECTOR = YES;
				GCC_WARN_UNINITIALIZED_AUTOS = YES_AGGRESSIVE;
				GCC_WARN_UNUSED_FUNCTION = YES;
				GCC_WARN_UNUSED_VARIABLE = YES;
				IPHONEOS_DEPLOYMENT_TARGET = 13.4;
				MTL_ENABLE_DEBUG_INFO = INCLUDE_SOURCE;
				MTL_FAST_MATH = YES;
				ONLY_ACTIVE_ARCH = YES;
				SDKROOT = iphoneos;
				SWIFT_ACTIVE_COMPILATION_CONDITIONS = DEBUG;
				SWIFT_OPTIMIZATION_LEVEL = "-Onone";
			};
			name = Debug;
		};
		887596CF24E8435F00630DC7 /* Release */ = {
			isa = XCBuildConfiguration;
			buildSettings = {
				ALWAYS_SEARCH_USER_PATHS = NO;
				CLANG_ANALYZER_NONNULL = YES;
				CLANG_ANALYZER_NUMBER_OBJECT_CONVERSION = YES_AGGRESSIVE;
				CLANG_CXX_LANGUAGE_STANDARD = "gnu++14";
				CLANG_CXX_LIBRARY = "libc++";
				CLANG_ENABLE_MODULES = YES;
				CLANG_ENABLE_OBJC_ARC = YES;
				CLANG_ENABLE_OBJC_WEAK = YES;
				CLANG_WARN_BLOCK_CAPTURE_AUTORELEASING = YES;
				CLANG_WARN_BOOL_CONVERSION = YES;
				CLANG_WARN_COMMA = YES;
				CLANG_WARN_CONSTANT_CONVERSION = YES;
				CLANG_WARN_DEPRECATED_OBJC_IMPLEMENTATIONS = YES;
				CLANG_WARN_DIRECT_OBJC_ISA_USAGE = YES_ERROR;
				CLANG_WARN_DOCUMENTATION_COMMENTS = YES;
				CLANG_WARN_EMPTY_BODY = YES;
				CLANG_WARN_ENUM_CONVERSION = YES;
				CLANG_WARN_INFINITE_RECURSION = YES;
				CLANG_WARN_INT_CONVERSION = YES;
				CLANG_WARN_NON_LITERAL_NULL_CONVERSION = YES;
				CLANG_WARN_OBJC_IMPLICIT_RETAIN_SELF = YES;
				CLANG_WARN_OBJC_LITERAL_CONVERSION = YES;
				CLANG_WARN_OBJC_ROOT_CLASS = YES_ERROR;
				CLANG_WARN_RANGE_LOOP_ANALYSIS = YES;
				CLANG_WARN_STRICT_PROTOTYPES = YES;
				CLANG_WARN_SUSPICIOUS_MOVE = YES;
				CLANG_WARN_UNGUARDED_AVAILABILITY = YES_AGGRESSIVE;
				CLANG_WARN_UNREACHABLE_CODE = YES;
				CLANG_WARN__DUPLICATE_METHOD_MATCH = YES;
				COPY_PHASE_STRIP = NO;
				DEBUG_INFORMATION_FORMAT = "dwarf-with-dsym";
				ENABLE_NS_ASSERTIONS = NO;
				ENABLE_STRICT_OBJC_MSGSEND = YES;
				GCC_C_LANGUAGE_STANDARD = gnu11;
				GCC_NO_COMMON_BLOCKS = YES;
				GCC_WARN_64_TO_32_BIT_CONVERSION = YES;
				GCC_WARN_ABOUT_RETURN_TYPE = YES_ERROR;
				GCC_WARN_UNDECLARED_SELECTOR = YES;
				GCC_WARN_UNINITIALIZED_AUTOS = YES_AGGRESSIVE;
				GCC_WARN_UNUSED_FUNCTION = YES;
				GCC_WARN_UNUSED_VARIABLE = YES;
				IPHONEOS_DEPLOYMENT_TARGET = 13.4;
				MTL_ENABLE_DEBUG_INFO = NO;
				MTL_FAST_MATH = YES;
				SDKROOT = iphoneos;
				SWIFT_COMPILATION_MODE = wholemodule;
				SWIFT_OPTIMIZATION_LEVEL = "-O";
				VALIDATE_PRODUCT = YES;
			};
			name = Release;
		};
		887596D124E8435F00630DC7 /* Debug */ = {
			isa = XCBuildConfiguration;
			baseConfigurationReference = B461F4992DB785961E1A43B4 /* Pods-StarWars.debug.xcconfig */;
			buildSettings = {
				ASSETCATALOG_COMPILER_APPICON_NAME = AppIcon;
				CODE_SIGN_STYLE = Automatic;
				DEVELOPMENT_TEAM = 97W4UY3T4N;
				INFOPLIST_FILE = StarWars/Info.plist;
				IPHONEOS_DEPLOYMENT_TARGET = 13.4;
				LD_RUNPATH_SEARCH_PATHS = (
					"$(inherited)",
					"@executable_path/Frameworks",
				);
				PRODUCT_BUNDLE_IDENTIFIER = net.torburg.StarWars;
				PRODUCT_NAME = "$(TARGET_NAME)";
				SWIFT_VERSION = 5.0;
				TARGETED_DEVICE_FAMILY = "1,2";
			};
			name = Debug;
		};
		887596D224E8435F00630DC7 /* Release */ = {
			isa = XCBuildConfiguration;
			baseConfigurationReference = AA836C91F6B600D44C4CFCB7 /* Pods-StarWars.release.xcconfig */;
			buildSettings = {
				ASSETCATALOG_COMPILER_APPICON_NAME = AppIcon;
				CODE_SIGN_STYLE = Automatic;
				DEVELOPMENT_TEAM = 97W4UY3T4N;
				INFOPLIST_FILE = StarWars/Info.plist;
				IPHONEOS_DEPLOYMENT_TARGET = 13.4;
				LD_RUNPATH_SEARCH_PATHS = (
					"$(inherited)",
					"@executable_path/Frameworks",
				);
				PRODUCT_BUNDLE_IDENTIFIER = net.torburg.StarWars;
				PRODUCT_NAME = "$(TARGET_NAME)";
				SWIFT_VERSION = 5.0;
				TARGETED_DEVICE_FAMILY = "1,2";
			};
			name = Release;
		};
/* End XCBuildConfiguration section */

/* Begin XCConfigurationList section */
		887596B724E8435800630DC7 /* Build configuration list for PBXProject "StarWars" */ = {
			isa = XCConfigurationList;
			buildConfigurations = (
				887596CE24E8435F00630DC7 /* Debug */,
				887596CF24E8435F00630DC7 /* Release */,
			);
			defaultConfigurationIsVisible = 0;
			defaultConfigurationName = Release;
		};
		887596D024E8435F00630DC7 /* Build configuration list for PBXNativeTarget "StarWars" */ = {
			isa = XCConfigurationList;
			buildConfigurations = (
				887596D124E8435F00630DC7 /* Debug */,
				887596D224E8435F00630DC7 /* Release */,
			);
			defaultConfigurationIsVisible = 0;
			defaultConfigurationName = Release;
		};
/* End XCConfigurationList section */
	};
	rootObject = 887596B424E8435800630DC7 /* Project object */;
}
